Microsoft Visual Studio Solution File, Format Version 8.00
Project("{8BC9CEB8-8B4A-11D0-8D11-00A0C91BC942}") = "gnubg", "gnubg.vcproj", "{976687D1-D400-47E8-AEB9-322C6A0E9A61}"
	ProjectSection(ProjectDependencies) = postProject
	EndProjectSection
EndProject
Project("{8BC9CEB8-8B4A-11D0-8D11-00A0C91BC942}") = "lib", "lib.vcproj", "{135069E9-FFC0-40AA-9474-7157CB8B9EDC}"
	ProjectSection(ProjectDependencies) = postProject
	EndProjectSection
EndProject
Project("{8BC9CEB8-8B4A-11D0-8D11-00A0C91BC942}") = "board3d", "board3d.vcproj", "{014DA297-ABB7-4B9B-84F3-9E8FBB47045B}"
	ProjectSection(ProjectDependencies) = postProject
	EndProjectSection
EndProject
Global
	GlobalSection(SolutionConfiguration) = preSolution
		CmdLine Debug = CmdLine Debug
		CmdLine Release = CmdLine Release
		Debug = Debug
		Purify CmdLine Debug = Purify CmdLine Debug
		Purify CmdLine Release = Purify CmdLine Release
		Purify Debug = Purify Debug
		Purify Release = Purify Release
		Release = Release
	EndGlobalSection
	GlobalSection(ProjectConfiguration) = postSolution
		{976687D1-D400-47E8-AEB9-322C6A0E9A61}.CmdLine Debug.ActiveCfg = CmdLine Debug|Win32
		{976687D1-D400-47E8-AEB9-322C6A0E9A61}.CmdLine Debug.Build.0 = CmdLine Debug|Win32
		{976687D1-D400-47E8-AEB9-322C6A0E9A61}.CmdLine Release.ActiveCfg = CmdLine Release|Win32
		{976687D1-D400-47E8-AEB9-322C6A0E9A61}.CmdLine Release.Build.0 = CmdLine Release|Win32
		{976687D1-D400-47E8-AEB9-322C6A0E9A61}.Debug.ActiveCfg = Debug|Win32
		{976687D1-D400-47E8-AEB9-322C6A0E9A61}.Debug.Build.0 = Debug|Win32
		{976687D1-D400-47E8-AEB9-322C6A0E9A61}.Purify CmdLine Debug.ActiveCfg = Purify CmdLine Debug|Win32
		{976687D1-D400-47E8-AEB9-322C6A0E9A61}.Purify CmdLine Debug.Build.0 = Purify CmdLine Debug|Win32
		{976687D1-D400-47E8-AEB9-322C6A0E9A61}.Purify CmdLine Release.ActiveCfg = Purify CmdLine Release|Win32
		{976687D1-D400-47E8-AEB9-322C6A0E9A61}.Purify CmdLine Release.Build.0 = Purify CmdLine Release|Win32
		{976687D1-D400-47E8-AEB9-322C6A0E9A61}.Purify Debug.ActiveCfg = Purify Debug|Win32
		{976687D1-D400-47E8-AEB9-322C6A0E9A61}.Purify Debug.Build.0 = Purify Debug|Win32
		{976687D1-D400-47E8-AEB9-322C6A0E9A61}.Purify Release.ActiveCfg = Purify Release|Win32
		{976687D1-D400-47E8-AEB9-322C6A0E9A61}.Purify Release.Build.0 = Purify Release|Win32
		{976687D1-D400-47E8-AEB9-322C6A0E9A61}.Release.ActiveCfg = Release|Win32
		{976687D1-D400-47E8-AEB9-322C6A0E9A61}.Release.Build.0 = Release|Win32
		{135069E9-FFC0-40AA-9474-7157CB8B9EDC}.CmdLine Debug.ActiveCfg = CmdLine Debug|Win32
		{135069E9-FFC0-40AA-9474-7157CB8B9EDC}.CmdLine Debug.Build.0 = CmdLine Debug|Win32
		{135069E9-FFC0-40AA-9474-7157CB8B9EDC}.CmdLine Release.ActiveCfg = CmdLine Release|Win32
		{135069E9-FFC0-40AA-9474-7157CB8B9EDC}.CmdLine Release.Build.0 = CmdLine Release|Win32
		{135069E9-FFC0-40AA-9474-7157CB8B9EDC}.Debug.ActiveCfg = Debug|Win32
		{135069E9-FFC0-40AA-9474-7157CB8B9EDC}.Debug.Build.0 = Debug|Win32
		{135069E9-FFC0-40AA-9474-7157CB8B9EDC}.Purify CmdLine Debug.ActiveCfg = Purify CmdLine Debug|Win32
		{135069E9-FFC0-40AA-9474-7157CB8B9EDC}.Purify CmdLine Debug.Build.0 = Purify CmdLine Debug|Win32
		{135069E9-FFC0-40AA-9474-7157CB8B9EDC}.Purify CmdLine Release.ActiveCfg = Purify CmdLine Release|Win32
		{135069E9-FFC0-40AA-9474-7157CB8B9EDC}.Purify CmdLine Release.Build.0 = Purify CmdLine Release|Win32
		{135069E9-FFC0-40AA-9474-7157CB8B9EDC}.Purify Debug.ActiveCfg = Purify Debug|Win32
		{135069E9-FFC0-40AA-9474-7157CB8B9EDC}.Purify Debug.Build.0 = Purify Debug|Win32
		{135069E9-FFC0-40AA-9474-7157CB8B9EDC}.Purify Release.ActiveCfg = Purify Release|Win32
		{135069E9-FFC0-40AA-9474-7157CB8B9EDC}.Purify Release.Build.0 = Purify Release|Win32
		{135069E9-FFC0-40AA-9474-7157CB8B9EDC}.Release.ActiveCfg = Release|Win32
		{135069E9-FFC0-40AA-9474-7157CB8B9EDC}.Release.Build.0 = Release|Win32
		{014DA297-ABB7-4B9B-84F3-9E8FBB47045B}.CmdLine Debug.ActiveCfg = Purify CmdLine Debug|Win32
		{014DA297-ABB7-4B9B-84F3-9E8FBB47045B}.CmdLine Release.ActiveCfg = CmdLine Release|Win32
		{014DA297-ABB7-4B9B-84F3-9E8FBB47045B}.Debug.ActiveCfg = Debug|Win32
		{014DA297-ABB7-4B9B-84F3-9E8FBB47045B}.Debug.Build.0 = Debug|Win32
		{014DA297-ABB7-4B9B-84F3-9E8FBB47045B}.Purify CmdLine Debug.ActiveCfg = Purify CmdLine Debug|Win32
		{014DA297-ABB7-4B9B-84F3-9E8FBB47045B}.Purify CmdLine Debug.Build.0 = Purify CmdLine Debug|Win32
		{014DA297-ABB7-4B9B-84F3-9E8FBB47045B}.Purify CmdLine Release.ActiveCfg = Purify CmdLine Release|Win32
		{014DA297-ABB7-4B9B-84F3-9E8FBB47045B}.Purify CmdLine Release.Build.0 = Purify CmdLine Release|Win32
		{014DA297-ABB7-4B9B-84F3-9E8FBB47045B}.Purify Debug.ActiveCfg = Purify Debug|Win32
		{014DA297-ABB7-4B9B-84F3-9E8FBB47045B}.Purify Debug.Build.0 = Purify Debug|Win32
		{014DA297-ABB7-4B9B-84F3-9E8FBB47045B}.Purify Release.ActiveCfg = Purify Release|Win32
		{014DA297-ABB7-4B9B-84F3-9E8FBB47045B}.Purify Release.Build.0 = Purify Release|Win32
		{014DA297-ABB7-4B9B-84F3-9E8FBB47045B}.Release.ActiveCfg = Release|Win32
		{014DA297-ABB7-4B9B-84F3-9E8FBB47045B}.Release.Build.0 = Release|Win32
	EndGlobalSection
	GlobalSection(ExtensibilityGlobals) = postSolution
	EndGlobalSection
	GlobalSection(ExtensibilityAddIns) = postSolution
	EndGlobalSection
EndGlobal
